
Microsoft Visual Studio Solution File, Format Version 12.00
# Visual Studio Version 17
VisualStudioVersion = 17.11.35312.102
MinimumVisualStudioVersion = 10.0.40219.1
Project("{FAE04EC0-301F-11D3-BF4B-00C04F79EFBC}") = "Zakupy", "Zakupy\Zakupy.csproj", "{8D82170D-5EB5-4A91-BB35-B2B7DC04FF18}"
EndProject
Project("{FAE04EC0-301F-11D3-BF4B-00C04F79EFBC}") = "Zakupy.Tests", "Zakupy.Tests\Zakupy.Tests.csproj", "{5D7D245B-7F45-4E2B-BD90-39A45E277212}"
EndProject
Global
	GlobalSection(SolutionConfigurationPlatforms) = preSolution
		Debug|Any CPU = Debug|Any CPU
		Release|Any CPU = Release|Any CPU
	EndGlobalSection
	GlobalSection(ProjectConfigurationPlatforms) = postSolution
		{8D82170D-5EB5-4A91-BB35-B2B7DC04FF18}.Debug|Any CPU.ActiveCfg = Debug|Any CPU
		{8D82170D-5EB5-4A91-BB35-B2B7DC04FF18}.Debug|Any CPU.Build.0 = Debug|Any CPU
		{8D82170D-5EB5-4A91-BB35-B2B7DC04FF18}.Release|Any CPU.ActiveCfg = Release|Any CPU
		{8D82170D-5EB5-4A91-BB35-B2B7DC04FF18}.Release|Any CPU.Build.0 = Release|Any CPU
		{5D7D245B-7F45-4E2B-BD90-39A45E277212}.Debug|Any CPU.ActiveCfg = Debug|Any CPU
		{5D7D245B-7F45-4E2B-BD90-39A45E277212}.Debug|Any CPU.Build.0 = Debug|Any CPU
		{5D7D245B-7F45-4E2B-BD90-39A45E277212}.Release|Any CPU.ActiveCfg = Release|Any CPU
		{5D7D245B-7F45-4E2B-BD90-39A45E277212}.Release|Any CPU.Build.0 = Release|Any CPU
	EndGlobalSection
	GlobalSection(SolutionProperties) = preSolution
		HideSolutionNode = FALSE
	EndGlobalSection
	GlobalSection(ExtensibilityGlobals) = postSolution
		SolutionGuid = {5F315214-496D-45C9-80F4-5F9307D8D7CB}
	EndGlobalSection
EndGlobal
